// !$*UTF8*$!
{
	archiveVersion = 1;
	classes = {
	};
	objectVersion = 46;
	objects = {

/* Begin PBXBuildFile section */
		4A0254081E9E067400811922 /* AppDelegate.swift in Sources */ = {isa = PBXBuildFile; fileRef = 4A0254071E9E067400811922 /* AppDelegate.swift */; };
		4A02540F1E9E067400811922 /* Assets.xcassets in Resources */ = {isa = PBXBuildFile; fileRef = 4A02540E1E9E067400811922 /* Assets.xcassets */; };
		4A02541D1E9E067400811922 /* ThunderstormTests.swift in Sources */ = {isa = PBXBuildFile; fileRef = 4A02541C1E9E067400811922 /* ThunderstormTests.swift */; };
		4A1692B31E9E0C3400601380 /* Main.storyboard in Resources */ = {isa = PBXBuildFile; fileRef = 4A1692B21E9E0C3400601380 /* Main.storyboard */; };
		4A1692B51E9E0C5F00601380 /* LaunchScreen.storyboard in Resources */ = {isa = PBXBuildFile; fileRef = 4A1692B41E9E0C5F00601380 /* LaunchScreen.storyboard */; };
		4A8673101E9E320E00D57A8B /* RootViewController.swift in Sources */ = {isa = PBXBuildFile; fileRef = 4A86730F1E9E320E00D57A8B /* RootViewController.swift */; };
		4A8673151E9E3A1C00D57A8B /* DayViewController.swift in Sources */ = {isa = PBXBuildFile; fileRef = 4A8673141E9E3A1C00D57A8B /* DayViewController.swift */; };
		4A8673171E9E3A3800D57A8B /* WeekViewController.swift in Sources */ = {isa = PBXBuildFile; fileRef = 4A8673161E9E3A3800D57A8B /* WeekViewController.swift */; };
		4A8673191E9E3A4C00D57A8B /* NowViewController.swift in Sources */ = {isa = PBXBuildFile; fileRef = 4A8673181E9E3A4C00D57A8B /* NowViewController.swift */; };
		4A86731C1E9E45F400D57A8B /* DayCollectionViewCell.swift in Sources */ = {isa = PBXBuildFile; fileRef = 4A86731B1E9E45F400D57A8B /* DayCollectionViewCell.swift */; };
		4A86731E1E9E460900D57A8B /* NowCollectionViewCell.swift in Sources */ = {isa = PBXBuildFile; fileRef = 4A86731D1E9E460900D57A8B /* NowCollectionViewCell.swift */; };
		4A8673201E9E461C00D57A8B /* WeekCollectionViewCell.swift in Sources */ = {isa = PBXBuildFile; fileRef = 4A86731F1E9E461C00D57A8B /* WeekCollectionViewCell.swift */; };
		4A8673231E9E9D7300D57A8B /* Configuration.swift in Sources */ = {isa = PBXBuildFile; fileRef = 4A8673221E9E9D7300D57A8B /* Configuration.swift */; };
		4A8673261E9E9F6B00D57A8B /* DataManager.swift in Sources */ = {isa = PBXBuildFile; fileRef = 4A8673251E9E9F6B00D57A8B /* DataManager.swift */; };
/* End PBXBuildFile section */

/* Begin PBXContainerItemProxy section */
		4A0254191E9E067400811922 /* PBXContainerItemProxy */ = {
			isa = PBXContainerItemProxy;
			containerPortal = 4A0253FC1E9E067400811922 /* Project object */;
			proxyType = 1;
			remoteGlobalIDString = 4A0254031E9E067400811922;
			remoteInfo = Thunderstorm;
		};
/* End PBXContainerItemProxy section */

/* Begin PBXFileReference section */
		4A0254041E9E067400811922 /* Thunderstorm.app */ = {isa = PBXFileReference; explicitFileType = wrapper.application; includeInIndex = 0; path = Thunderstorm.app; sourceTree = BUILT_PRODUCTS_DIR; };
		4A0254071E9E067400811922 /* AppDelegate.swift */ = {isa = PBXFileReference; lastKnownFileType = sourcecode.swift; path = AppDelegate.swift; sourceTree = "<group>"; };
		4A02540E1E9E067400811922 /* Assets.xcassets */ = {isa = PBXFileReference; lastKnownFileType = folder.assetcatalog; name = Assets.xcassets; path = ../Assets.xcassets; sourceTree = "<group>"; };
		4A0254131E9E067400811922 /* Info.plist */ = {isa = PBXFileReference; lastKnownFileType = text.plist.xml; path = Info.plist; sourceTree = "<group>"; };
		4A0254181E9E067400811922 /* ThunderstormTests.xctest */ = {isa = PBXFileReference; explicitFileType = wrapper.cfbundle; includeInIndex = 0; path = ThunderstormTests.xctest; sourceTree = BUILT_PRODUCTS_DIR; };
		4A02541C1E9E067400811922 /* ThunderstormTests.swift */ = {isa = PBXFileReference; lastKnownFileType = sourcecode.swift; path = ThunderstormTests.swift; sourceTree = "<group>"; };
		4A02541E1E9E067400811922 /* Info.plist */ = {isa = PBXFileReference; lastKnownFileType = text.plist.xml; path = Info.plist; sourceTree = "<group>"; };
		4A1692B21E9E0C3400601380 /* Main.storyboard */ = {isa = PBXFileReference; fileEncoding = 4; lastKnownFileType = file.storyboard; path = Main.storyboard; sourceTree = "<group>"; };
		4A1692B41E9E0C5F00601380 /* LaunchScreen.storyboard */ = {isa = PBXFileReference; fileEncoding = 4; lastKnownFileType = file.storyboard; path = LaunchScreen.storyboard; sourceTree = "<group>"; };
		4A86730F1E9E320E00D57A8B /* RootViewController.swift */ = {isa = PBXFileReference; fileEncoding = 4; lastKnownFileType = sourcecode.swift; path = RootViewController.swift; sourceTree = "<group>"; };
		4A8673141E9E3A1C00D57A8B /* DayViewController.swift */ = {isa = PBXFileReference; fileEncoding = 4; lastKnownFileType = sourcecode.swift; path = DayViewController.swift; sourceTree = "<group>"; };
		4A8673161E9E3A3800D57A8B /* WeekViewController.swift */ = {isa = PBXFileReference; fileEncoding = 4; lastKnownFileType = sourcecode.swift; path = WeekViewController.swift; sourceTree = "<group>"; };
		4A8673181E9E3A4C00D57A8B /* NowViewController.swift */ = {isa = PBXFileReference; fileEncoding = 4; lastKnownFileType = sourcecode.swift; path = NowViewController.swift; sourceTree = "<group>"; };
		4A86731B1E9E45F400D57A8B /* DayCollectionViewCell.swift */ = {isa = PBXFileReference; fileEncoding = 4; lastKnownFileType = sourcecode.swift; path = DayCollectionViewCell.swift; sourceTree = "<group>"; };
		4A86731D1E9E460900D57A8B /* NowCollectionViewCell.swift */ = {isa = PBXFileReference; fileEncoding = 4; lastKnownFileType = sourcecode.swift; path = NowCollectionViewCell.swift; sourceTree = "<group>"; };
		4A86731F1E9E461C00D57A8B /* WeekCollectionViewCell.swift */ = {isa = PBXFileReference; fileEncoding = 4; lastKnownFileType = sourcecode.swift; path = WeekCollectionViewCell.swift; sourceTree = "<group>"; };
		4A8673221E9E9D7300D57A8B /* Configuration.swift */ = {isa = PBXFileReference; fileEncoding = 4; lastKnownFileType = sourcecode.swift; path = Configuration.swift; sourceTree = "<group>"; };
		4A8673251E9E9F6B00D57A8B /* DataManager.swift */ = {isa = PBXFileReference; fileEncoding = 4; lastKnownFileType = sourcecode.swift; path = DataManager.swift; sourceTree = "<group>"; };
/* End PBXFileReference section */

/* Begin PBXFrameworksBuildPhase section */
		4A0254011E9E067400811922 /* Frameworks */ = {
			isa = PBXFrameworksBuildPhase;
			buildActionMask = 2147483647;
			files = (
			);
			runOnlyForDeploymentPostprocessing = 0;
		};
		4A0254151E9E067400811922 /* Frameworks */ = {
			isa = PBXFrameworksBuildPhase;
			buildActionMask = 2147483647;
			files = (
			);
			runOnlyForDeploymentPostprocessing = 0;
		};
/* End PBXFrameworksBuildPhase section */

/* Begin PBXGroup section */
		4A0253FB1E9E067400811922 = {
			isa = PBXGroup;
			children = (
				4A0254061E9E067400811922 /* Thunderstorm */,
				4A02541B1E9E067400811922 /* ThunderstormTests */,
				4A0254051E9E067400811922 /* Products */,
			);
			sourceTree = "<group>";
		};
		4A0254051E9E067400811922 /* Products */ = {
			isa = PBXGroup;
			children = (
				4A0254041E9E067400811922 /* Thunderstorm.app */,
				4A0254181E9E067400811922 /* ThunderstormTests.xctest */,
			);
			name = Products;
			sourceTree = "<group>";
		};
		4A0254061E9E067400811922 /* Thunderstorm */ = {
			isa = PBXGroup;
			children = (
				4A0254271E9E072100811922 /* Application Delegate */,
				4A0254291E9E073600811922 /* View Controllers */,
				4A8673241E9E9F1400D57A8B /* Managers */,
				4A8673211E9E9D1D00D57A8B /* Configuration */,
				4A02542B1E9E074F00811922 /* Storyboards */,
				4A0254281E9E072C00811922 /* Resources */,
				4A02542A1E9E074100811922 /* Supporting Files */,
			);
			path = Thunderstorm;
			sourceTree = "<group>";
		};
		4A02541B1E9E067400811922 /* ThunderstormTests */ = {
			isa = PBXGroup;
			children = (
				4A02541C1E9E067400811922 /* ThunderstormTests.swift */,
				4A02541E1E9E067400811922 /* Info.plist */,
			);
			path = ThunderstormTests;
			sourceTree = "<group>";
		};
		4A0254271E9E072100811922 /* Application Delegate */ = {
			isa = PBXGroup;
			children = (
				4A0254071E9E067400811922 /* AppDelegate.swift */,
			);
			path = "Application Delegate";
			sourceTree = "<group>";
		};
		4A0254281E9E072C00811922 /* Resources */ = {
			isa = PBXGroup;
			children = (
				4A02540E1E9E067400811922 /* Assets.xcassets */,
			);
			name = Resources;
			path = Resources/Assets.xcassets;
			sourceTree = "<group>";
		};
		4A0254291E9E073600811922 /* View Controllers */ = {
			isa = PBXGroup;
			children = (
				4A86730E1E9E314400D57A8B /* Root View Controller */,
				4A8673111E9E393700D57A8B /* Day View Controller */,
				4A8673131E9E395800D57A8B /* Week View Controller */,
				4A8673121E9E394600D57A8B /* Now View Controller */,
			);
			path = "View Controllers";
			sourceTree = "<group>";
		};
		4A02542A1E9E074100811922 /* Supporting Files */ = {
			isa = PBXGroup;
			children = (
				4A0254131E9E067400811922 /* Info.plist */,
			);
			path = "Supporting Files";
			sourceTree = "<group>";
		};
		4A02542B1E9E074F00811922 /* Storyboards */ = {
			isa = PBXGroup;
			children = (
				4A1692B21E9E0C3400601380 /* Main.storyboard */,
				4A1692B41E9E0C5F00601380 /* LaunchScreen.storyboard */,
			);
			path = Storyboards;
			sourceTree = "<group>";
		};
		4A86730E1E9E314400D57A8B /* Root View Controller */ = {
			isa = PBXGroup;
			children = (
				4A86731A1E9E43AC00D57A8B /* Collection View Cells */,
				4A86730F1E9E320E00D57A8B /* RootViewController.swift */,
			);
			path = "Root View Controller";
			sourceTree = "<group>";
		};
		4A8673111E9E393700D57A8B /* Day View Controller */ = {
			isa = PBXGroup;
			children = (
				4A8673141E9E3A1C00D57A8B /* DayViewController.swift */,
			);
			path = "Day View Controller";
			sourceTree = "<group>";
		};
		4A8673121E9E394600D57A8B /* Now View Controller */ = {
			isa = PBXGroup;
			children = (
				4A8673181E9E3A4C00D57A8B /* NowViewController.swift */,
			);
			path = "Now View Controller";
			sourceTree = "<group>";
		};
		4A8673131E9E395800D57A8B /* Week View Controller */ = {
			isa = PBXGroup;
			children = (
				4A8673161E9E3A3800D57A8B /* WeekViewController.swift */,
			);
			path = "Week View Controller";
			sourceTree = "<group>";
		};
		4A86731A1E9E43AC00D57A8B /* Collection View Cells */ = {
			isa = PBXGroup;
			children = (
				4A86731D1E9E460900D57A8B /* NowCollectionViewCell.swift */,
				4A86731B1E9E45F400D57A8B /* DayCollectionViewCell.swift */,
				4A86731F1E9E461C00D57A8B /* WeekCollectionViewCell.swift */,
			);
			path = "Collection View Cells";
			sourceTree = "<group>";
		};
		4A8673211E9E9D1D00D57A8B /* Configuration */ = {
			isa = PBXGroup;
			children = (
				4A8673221E9E9D7300D57A8B /* Configuration.swift */,
			);
			path = Configuration;
			sourceTree = "<group>";
		};
		4A8673241E9E9F1400D57A8B /* Managers */ = {
			isa = PBXGroup;
			children = (
				4A8673251E9E9F6B00D57A8B /* DataManager.swift */,
			);
			path = Managers;
			sourceTree = "<group>";
		};
/* End PBXGroup section */

/* Begin PBXNativeTarget section */
		4A0254031E9E067400811922 /* Thunderstorm */ = {
			isa = PBXNativeTarget;
			buildConfigurationList = 4A0254211E9E067400811922 /* Build configuration list for PBXNativeTarget "Thunderstorm" */;
			buildPhases = (
				4A0254001E9E067400811922 /* Sources */,
				4A0254011E9E067400811922 /* Frameworks */,
				4A0254021E9E067400811922 /* Resources */,
			);
			buildRules = (
			);
			dependencies = (
			);
			name = Thunderstorm;
			productName = Thunderstorm;
			productReference = 4A0254041E9E067400811922 /* Thunderstorm.app */;
			productType = "com.apple.product-type.application";
		};
		4A0254171E9E067400811922 /* ThunderstormTests */ = {
			isa = PBXNativeTarget;
			buildConfigurationList = 4A0254241E9E067400811922 /* Build configuration list for PBXNativeTarget "ThunderstormTests" */;
			buildPhases = (
				4A0254141E9E067400811922 /* Sources */,
				4A0254151E9E067400811922 /* Frameworks */,
				4A0254161E9E067400811922 /* Resources */,
			);
			buildRules = (
			);
			dependencies = (
				4A02541A1E9E067400811922 /* PBXTargetDependency */,
			);
			name = ThunderstormTests;
			productName = ThunderstormTests;
			productReference = 4A0254181E9E067400811922 /* ThunderstormTests.xctest */;
			productType = "com.apple.product-type.bundle.unit-test";
		};
/* End PBXNativeTarget section */

/* Begin PBXProject section */
		4A0253FC1E9E067400811922 /* Project object */ = {
			isa = PBXProject;
			attributes = {
				LastSwiftUpdateCheck = 0830;
				LastUpgradeCheck = 0830;
				ORGANIZATIONNAME = DisOne;
				TargetAttributes = {
					4A0254031E9E067400811922 = {
						CreatedOnToolsVersion = 8.3.1;
						DevelopmentTeam = WJWLJM733J;
						ProvisioningStyle = Automatic;
					};
					4A0254171E9E067400811922 = {
						CreatedOnToolsVersion = 8.3.1;
						DevelopmentTeam = WJWLJM733J;
						ProvisioningStyle = Automatic;
						TestTargetID = 4A0254031E9E067400811922;
					};
				};
			};
			buildConfigurationList = 4A0253FF1E9E067400811922 /* Build configuration list for PBXProject "Thunderstorm" */;
			compatibilityVersion = "Xcode 3.2";
			developmentRegion = English;
			hasScannedForEncodings = 0;
			knownRegions = (
				en,
				Base,
			);
			mainGroup = 4A0253FB1E9E067400811922;
			productRefGroup = 4A0254051E9E067400811922 /* Products */;
			projectDirPath = "";
			projectRoot = "";
			targets = (
				4A0254031E9E067400811922 /* Thunderstorm */,
				4A0254171E9E067400811922 /* ThunderstormTests */,
			);
		};
/* End PBXProject section */

/* Begin PBXResourcesBuildPhase section */
		4A0254021E9E067400811922 /* Resources */ = {
			isa = PBXResourcesBuildPhase;
			buildActionMask = 2147483647;
			files = (
				4A1692B51E9E0C5F00601380 /* LaunchScreen.storyboard in Resources */,
				4A02540F1E9E067400811922 /* Assets.xcassets in Resources */,
				4A1692B31E9E0C3400601380 /* Main.storyboard in Resources */,
			);
			runOnlyForDeploymentPostprocessing = 0;
		};
		4A0254161E9E067400811922 /* Resources */ = {
			isa = PBXResourcesBuildPhase;
			buildActionMask = 2147483647;
			files = (
			);
			runOnlyForDeploymentPostprocessing = 0;
		};
/* End PBXResourcesBuildPhase section */

/* Begin PBXSourcesBuildPhase section */
		4A0254001E9E067400811922 /* Sources */ = {
			isa = PBXSourcesBuildPhase;
			buildActionMask = 2147483647;
			files = (
				4A8673101E9E320E00D57A8B /* RootViewController.swift in Sources */,
				4A8673261E9E9F6B00D57A8B /* DataManager.swift in Sources */,
				4A86731C1E9E45F400D57A8B /* DayCollectionViewCell.swift in Sources */,
				4A8673201E9E461C00D57A8B /* WeekCollectionViewCell.swift in Sources */,
				4A8673231E9E9D7300D57A8B /* Configuration.swift in Sources */,
				4A8673191E9E3A4C00D57A8B /* NowViewController.swift in Sources */,
				4A0254081E9E067400811922 /* AppDelegate.swift in Sources */,
				4A8673171E9E3A3800D57A8B /* WeekViewController.swift in Sources */,
				4A86731E1E9E460900D57A8B /* NowCollectionViewCell.swift in Sources */,
				4A8673151E9E3A1C00D57A8B /* DayViewController.swift in Sources */,
			);
			runOnlyForDeploymentPostprocessing = 0;
		};
		4A0254141E9E067400811922 /* Sources */ = {
			isa = PBXSourcesBuildPhase;
			buildActionMask = 2147483647;
			files = (
				4A02541D1E9E067400811922 /* ThunderstormTests.swift in Sources */,
			);
			runOnlyForDeploymentPostprocessing = 0;
		};
/* End PBXSourcesBuildPhase section */

/* Begin PBXTargetDependency section */
		4A02541A1E9E067400811922 /* PBXTargetDependency */ = {
			isa = PBXTargetDependency;
			target = 4A0254031E9E067400811922 /* Thunderstorm */;
			targetProxy = 4A0254191E9E067400811922 /* PBXContainerItemProxy */;
		};
/* End PBXTargetDependency section */

/* Begin XCBuildConfiguration section */
		4A02541F1E9E067400811922 /* Debug */ = {
			isa = XCBuildConfiguration;
			buildSettings = {
				ALWAYS_SEARCH_USER_PATHS = NO;
				CLANG_ANALYZER_NONNULL = YES;
				CLANG_ANALYZER_NUMBER_OBJECT_CONVERSION = YES_AGGRESSIVE;
				CLANG_CXX_LANGUAGE_STANDARD = "gnu++0x";
				CLANG_CXX_LIBRARY = "libc++";
				CLANG_ENABLE_MODULES = YES;
				CLANG_ENABLE_OBJC_ARC = YES;
				CLANG_WARN_BOOL_CONVERSION = YES;
				CLANG_WARN_CONSTANT_CONVERSION = YES;
				CLANG_WARN_DIRECT_OBJC_ISA_USAGE = YES_ERROR;
				CLANG_WARN_DOCUMENTATION_COMMENTS = YES;
				CLANG_WARN_EMPTY_BODY = YES;
				CLANG_WARN_ENUM_CONVERSION = YES;
				CLANG_WARN_INFINITE_RECURSION = YES;
				CLANG_WARN_INT_CONVERSION = YES;
				CLANG_WARN_OBJC_ROOT_CLASS = YES_ERROR;
				CLANG_WARN_SUSPICIOUS_MOVE = YES;
				CLANG_WARN_UNREACHABLE_CODE = YES;
				CLANG_WARN__DUPLICATE_METHOD_MATCH = YES;
				"CODE_SIGN_IDENTITY[sdk=iphoneos*]" = "iPhone Developer";
				COPY_PHASE_STRIP = NO;
				DEBUG_INFORMATION_FORMAT = dwarf;
				ENABLE_STRICT_OBJC_MSGSEND = YES;
				ENABLE_TESTABILITY = YES;
				GCC_C_LANGUAGE_STANDARD = gnu99;
				GCC_DYNAMIC_NO_PIC = NO;
				GCC_NO_COMMON_BLOCKS = YES;
				GCC_OPTIMIZATION_LEVEL = 0;
				GCC_PREPROCESSOR_DEFINITIONS = (
					"DEBUG=1",
					"$(inherited)",
				);
				GCC_WARN_64_TO_32_BIT_CONVERSION = YES;
				GCC_WARN_ABOUT_RETURN_TYPE = YES_ERROR;
				GCC_WARN_UNDECLARED_SELECTOR = YES;
				GCC_WARN_UNINITIALIZED_AUTOS = YES_AGGRESSIVE;
				GCC_WARN_UNUSED_FUNCTION = YES;
				GCC_WARN_UNUSED_VARIABLE = YES;
				IPHONEOS_DEPLOYMENT_TARGET = 10.3;
				MTL_ENABLE_DEBUG_INFO = YES;
				ONLY_ACTIVE_ARCH = YES;
				SDKROOT = iphoneos;
				SWIFT_ACTIVE_COMPILATION_CONDITIONS = DEBUG;
				SWIFT_OPTIMIZATION_LEVEL = "-Onone";
				TARGETED_DEVICE_FAMILY = "1,2";
			};
			name = Debug;
		};
		4A0254201E9E067400811922 /* Release */ = {
			isa = XCBuildConfiguration;
			buildSettings = {
				ALWAYS_SEARCH_USER_PATHS = NO;
				CLANG_ANALYZER_NONNULL = YES;
				CLANG_ANALYZER_NUMBER_OBJECT_CONVERSION = YES_AGGRESSIVE;
				CLANG_CXX_LANGUAGE_STANDARD = "gnu++0x";
				CLANG_CXX_LIBRARY = "libc++";
				CLANG_ENABLE_MODULES = YES;
				CLANG_ENABLE_OBJC_ARC = YES;
				CLANG_WARN_BOOL_CONVERSION = YES;
				CLANG_WARN_CONSTANT_CONVERSION = YES;
				CLANG_WARN_DIRECT_OBJC_ISA_USAGE = YES_ERROR;
				CLANG_WARN_DOCUMENTATION_COMMENTS = YES;
				CLANG_WARN_EMPTY_BODY = YES;
				CLANG_WARN_ENUM_CONVERSION = YES;
				CLANG_WARN_INFINITE_RECURSION = YES;
				CLANG_WARN_INT_CONVERSION = YES;
				CLANG_WARN_OBJC_ROOT_CLASS = YES_ERROR;
				CLANG_WARN_SUSPICIOUS_MOVE = YES;
				CLANG_WARN_UNREACHABLE_CODE = YES;
				CLANG_WARN__DUPLICATE_METHOD_MATCH = YES;
				"CODE_SIGN_IDENTITY[sdk=iphoneos*]" = "iPhone Developer";
				COPY_PHASE_STRIP = NO;
				DEBUG_INFORMATION_FORMAT = "dwarf-with-dsym";
				ENABLE_NS_ASSERTIONS = NO;
				ENABLE_STRICT_OBJC_MSGSEND = YES;
				GCC_C_LANGUAGE_STANDARD = gnu99;
				GCC_NO_COMMON_BLOCKS = YES;
				GCC_WARN_64_TO_32_BIT_CONVERSION = YES;
				GCC_WARN_ABOUT_RETURN_TYPE = YES_ERROR;
				GCC_WARN_UNDECLARED_SELECTOR = YES;
				GCC_WARN_UNINITIALIZED_AUTOS = YES_AGGRESSIVE;
				GCC_WARN_UNUSED_FUNCTION = YES;
				GCC_WARN_UNUSED_VARIABLE = YES;
				IPHONEOS_DEPLOYMENT_TARGET = 10.3;
				MTL_ENABLE_DEBUG_INFO = NO;
				SDKROOT = iphoneos;
				SWIFT_OPTIMIZATION_LEVEL = "-Owholemodule";
				TARGETED_DEVICE_FAMILY = "1,2";
				VALIDATE_PRODUCT = YES;
			};
			name = Release;
		};
		4A0254221E9E067400811922 /* Debug */ = {
			isa = XCBuildConfiguration;
			buildSettings = {
				ASSETCATALOG_COMPILER_APPICON_NAME = AppIcon;
				DEVELOPMENT_TEAM = WJWLJM733J;
				INFOPLIST_FILE = "$(SRCROOT)/Thunderstorm/Supporting Files/Info.plist";
				LD_RUNPATH_SEARCH_PATHS = "$(inherited) @executable_path/Frameworks";
				PRODUCT_BUNDLE_IDENTIFIER = com.disone.Thunderstorm;
				PRODUCT_NAME = "$(TARGET_NAME)";
				SWIFT_VERSION = 3.0;
			};
			name = Debug;
		};
		4A0254231E9E067400811922 /* Release */ = {
			isa = XCBuildConfiguration;
			buildSettings = {
				ASSETCATALOG_COMPILER_APPICON_NAME = AppIcon;
				DEVELOPMENT_TEAM = WJWLJM733J;
				INFOPLIST_FILE = "$(SRCROOT)/Thunderstorm/Supporting Files/Info.plist";
				LD_RUNPATH_SEARCH_PATHS = "$(inherited) @executable_path/Frameworks";
				PRODUCT_BUNDLE_IDENTIFIER = com.disone.Thunderstorm;
				PRODUCT_NAME = "$(TARGET_NAME)";
				SWIFT_VERSION = 3.0;
			};
			name = Release;
		};
		4A0254251E9E067400811922 /* Debug */ = {
			isa = XCBuildConfiguration;
			buildSettings = {
				ALWAYS_EMBED_SWIFT_STANDARD_LIBRARIES = YES;
				BUNDLE_LOADER = "$(TEST_HOST)";
				DEVELOPMENT_TEAM = WJWLJM733J;
				INFOPLIST_FILE = ThunderstormTests/Info.plist;
				LD_RUNPATH_SEARCH_PATHS = "$(inherited) @executable_path/Frameworks @loader_path/Frameworks";
				PRODUCT_BUNDLE_IDENTIFIER = com.disone.ThunderstormTests;
				PRODUCT_NAME = "$(TARGET_NAME)";
				SWIFT_VERSION = 3.0;
				TEST_HOST = "$(BUILT_PRODUCTS_DIR)/Thunderstorm.app/Thunderstorm";
			};
			name = Debug;
		};
		4A0254261E9E067400811922 /* Release */ = {
			isa = XCBuildConfiguration;
			buildSettings = {
				ALWAYS_EMBED_SWIFT_STANDARD_LIBRARIES = YES;
				BUNDLE_LOADER = "$(TEST_HOST)";
				DEVELOPMENT_TEAM = WJWLJM733J;
				INFOPLIST_FILE = ThunderstormTests/Info.plist;
				LD_RUNPATH_SEARCH_PATHS = "$(inherited) @executable_path/Frameworks @loader_path/Frameworks";
				PRODUCT_BUNDLE_IDENTIFIER = com.disone.ThunderstormTests;
				PRODUCT_NAME = "$(TARGET_NAME)";
				SWIFT_VERSION = 3.0;
				TEST_HOST = "$(BUILT_PRODUCTS_DIR)/Thunderstorm.app/Thunderstorm";
			};
			name = Release;
		};
/* End XCBuildConfiguration section */

/* Begin XCConfigurationList section */
		4A0253FF1E9E067400811922 /* Build configuration list for PBXProject "Thunderstorm" */ = {
			isa = XCConfigurationList;
			buildConfigurations = (
				4A02541F1E9E067400811922 /* Debug */,
				4A0254201E9E067400811922 /* Release */,
			);
			defaultConfigurationIsVisible = 0;
			defaultConfigurationName = Release;
		};
		4A0254211E9E067400811922 /* Build configuration list for PBXNativeTarget "Thunderstorm" */ = {
			isa = XCConfigurationList;
			buildConfigurations = (
				4A0254221E9E067400811922 /* Debug */,
				4A0254231E9E067400811922 /* Release */,
			);
			defaultConfigurationIsVisible = 0;
			defaultConfigurationName = Release;
		};
		4A0254241E9E067400811922 /* Build configuration list for PBXNativeTarget "ThunderstormTests" */ = {
			isa = XCConfigurationList;
			buildConfigurations = (
				4A0254251E9E067400811922 /* Debug */,
				4A0254261E9E067400811922 /* Release */,
			);
			defaultConfigurationIsVisible = 0;
			defaultConfigurationName = Release;
		};
/* End XCConfigurationList section */
	};
	rootObject = 4A0253FC1E9E067400811922 /* Project object */;
}
